
Microsoft Visual Studio Solution File, Format Version 12.00
# Visual Studio Version 17
VisualStudioVersion = 17.11.35327.3
MinimumVisualStudioVersion = 10.0.40219.1
Project("{FAE04EC0-301F-11D3-BF4B-00C04F79EFBC}") = "_2024_25_01_02_01", "_2024_25_01_02_01.csproj", "{0BDEF211-0AEE-4745-9751-832F6DC94D1C}"
EndProject
Global
	GlobalSection(SolutionConfigurationPlatforms) = preSolution
		Debug|Any CPU = Debug|Any CPU
		Release|Any CPU = Release|Any CPU
	EndGlobalSection
	GlobalSection(ProjectConfigurationPlatforms) = postSolution
		{0BDEF211-0AEE-4745-9751-832F6DC94D1C}.Debug|Any CPU.ActiveCfg = Debug|Any CPU
		{0BDEF211-0AEE-4745-9751-832F6DC94D1C}.Debug|Any CPU.Build.0 = Debug|Any CPU
		{0BDEF211-0AEE-4745-9751-832F6DC94D1C}.Release|Any CPU.ActiveCfg = Release|Any CPU
		{0BDEF211-0AEE-4745-9751-832F6DC94D1C}.Release|Any CPU.Build.0 = Release|Any CPU
	EndGlobalSection
	GlobalSection(SolutionProperties) = preSolution
		HideSolutionNode = FALSE
	EndGlobalSection
	GlobalSection(ExtensibilityGlobals) = postSolution
		SolutionGuid = {718F9B58-CD0F-4105-A671-43AD1028EEFE}
	EndGlobalSection
EndGlobal
